// !$*UTF8*$!
{
	archiveVersion = 1;
	classes = {
	};
	objectVersion = 50;
	objects = {

/* Begin PBXBuildFile section */
		33514A3B23ED23FD0041E283 /* MixpanelCollector.framework in Frameworks */ = {isa = PBXBuildFile; fileRef = 33514A3123ED23FD0041E283 /* MixpanelCollector.framework */; };
		33514A4023ED23FD0041E283 /* MixpanelCollectorTests.swift in Sources */ = {isa = PBXBuildFile; fileRef = 33514A3F23ED23FD0041E283 /* MixpanelCollectorTests.swift */; };
		33514A4223ED23FD0041E283 /* MixpanelCollector.h in Headers */ = {isa = PBXBuildFile; fileRef = 33514A3423ED23FD0041E283 /* MixpanelCollector.h */; settings = {ATTRIBUTES = (Public, ); }; };
		33514A4C23ED24580041E283 /* MixpanelCollector.swift in Sources */ = {isa = PBXBuildFile; fileRef = 33514A4B23ED24580041E283 /* MixpanelCollector.swift */; };
		33514A4E23ED25D20041E283 /* MixpanelEvent.swift in Sources */ = {isa = PBXBuildFile; fileRef = 33514A4D23ED25D20041E283 /* MixpanelEvent.swift */; };
		33514A5023ED2BA60041E283 /* MixpanelCollectorError.swift in Sources */ = {isa = PBXBuildFile; fileRef = 33514A4F23ED2BA60041E283 /* MixpanelCollectorError.swift */; };
/* End PBXBuildFile section */

/* Begin PBXContainerItemProxy section */
		33514A3C23ED23FD0041E283 /* PBXContainerItemProxy */ = {
			isa = PBXContainerItemProxy;
			containerPortal = 33514A2823ED23FD0041E283 /* Project object */;
			proxyType = 1;
			remoteGlobalIDString = 33514A3023ED23FD0041E283;
			remoteInfo = MixpanelCollector;
		};
/* End PBXContainerItemProxy section */

/* Begin PBXFileReference section */
		33514A3123ED23FD0041E283 /* MixpanelCollector.framework */ = {isa = PBXFileReference; explicitFileType = wrapper.framework; includeInIndex = 0; path = MixpanelCollector.framework; sourceTree = BUILT_PRODUCTS_DIR; };
		33514A3423ED23FD0041E283 /* MixpanelCollector.h */ = {isa = PBXFileReference; lastKnownFileType = sourcecode.c.h; path = MixpanelCollector.h; sourceTree = "<group>"; };
		33514A3523ED23FD0041E283 /* Info.plist */ = {isa = PBXFileReference; lastKnownFileType = text.plist.xml; path = Info.plist; sourceTree = "<group>"; };
		33514A3A23ED23FD0041E283 /* MixpanelCollectorTests.xctest */ = {isa = PBXFileReference; explicitFileType = wrapper.cfbundle; includeInIndex = 0; path = MixpanelCollectorTests.xctest; sourceTree = BUILT_PRODUCTS_DIR; };
		33514A3F23ED23FD0041E283 /* MixpanelCollectorTests.swift */ = {isa = PBXFileReference; lastKnownFileType = sourcecode.swift; path = MixpanelCollectorTests.swift; sourceTree = "<group>"; };
		33514A4123ED23FD0041E283 /* Info.plist */ = {isa = PBXFileReference; lastKnownFileType = text.plist.xml; path = Info.plist; sourceTree = "<group>"; };
		33514A4B23ED24580041E283 /* MixpanelCollector.swift */ = {isa = PBXFileReference; lastKnownFileType = sourcecode.swift; path = MixpanelCollector.swift; sourceTree = "<group>"; };
		33514A4D23ED25D20041E283 /* MixpanelEvent.swift */ = {isa = PBXFileReference; lastKnownFileType = sourcecode.swift; path = MixpanelEvent.swift; sourceTree = "<group>"; };
		33514A4F23ED2BA60041E283 /* MixpanelCollectorError.swift */ = {isa = PBXFileReference; lastKnownFileType = sourcecode.swift; path = MixpanelCollectorError.swift; sourceTree = "<group>"; };
/* End PBXFileReference section */

/* Begin PBXFrameworksBuildPhase section */
		33514A2E23ED23FD0041E283 /* Frameworks */ = {
			isa = PBXFrameworksBuildPhase;
			buildActionMask = 2147483647;
			files = (
			);
			runOnlyForDeploymentPostprocessing = 0;
		};
		33514A3723ED23FD0041E283 /* Frameworks */ = {
			isa = PBXFrameworksBuildPhase;
			buildActionMask = 2147483647;
			files = (
				33514A3B23ED23FD0041E283 /* MixpanelCollector.framework in Frameworks */,
			);
			runOnlyForDeploymentPostprocessing = 0;
		};
/* End PBXFrameworksBuildPhase section */

/* Begin PBXGroup section */
		33514A2723ED23FD0041E283 = {
			isa = PBXGroup;
			children = (
				33514A3323ED23FD0041E283 /* MixpanelCollector */,
				33514A3E23ED23FD0041E283 /* MixpanelCollectorTests */,
				33514A3223ED23FD0041E283 /* Products */,
			);
			sourceTree = "<group>";
		};
		33514A3223ED23FD0041E283 /* Products */ = {
			isa = PBXGroup;
			children = (
				33514A3123ED23FD0041E283 /* MixpanelCollector.framework */,
				33514A3A23ED23FD0041E283 /* MixpanelCollectorTests.xctest */,
			);
			name = Products;
			sourceTree = "<group>";
		};
		33514A3323ED23FD0041E283 /* MixpanelCollector */ = {
			isa = PBXGroup;
			children = (
				33514A3423ED23FD0041E283 /* MixpanelCollector.h */,
				33514A3523ED23FD0041E283 /* Info.plist */,
				33514A4B23ED24580041E283 /* MixpanelCollector.swift */,
				33514A4D23ED25D20041E283 /* MixpanelEvent.swift */,
				33514A4F23ED2BA60041E283 /* MixpanelCollectorError.swift */,
			);
			path = MixpanelCollector;
			sourceTree = "<group>";
		};
		33514A3E23ED23FD0041E283 /* MixpanelCollectorTests */ = {
			isa = PBXGroup;
			children = (
				33514A3F23ED23FD0041E283 /* MixpanelCollectorTests.swift */,
				33514A4123ED23FD0041E283 /* Info.plist */,
			);
			path = MixpanelCollectorTests;
			sourceTree = "<group>";
		};
/* End PBXGroup section */

/* Begin PBXHeadersBuildPhase section */
		33514A2C23ED23FD0041E283 /* Headers */ = {
			isa = PBXHeadersBuildPhase;
			buildActionMask = 2147483647;
			files = (
				33514A4223ED23FD0041E283 /* MixpanelCollector.h in Headers */,
			);
			runOnlyForDeploymentPostprocessing = 0;
		};
/* End PBXHeadersBuildPhase section */

/* Begin PBXNativeTarget section */
		33514A3023ED23FD0041E283 /* MixpanelCollector */ = {
			isa = PBXNativeTarget;
			buildConfigurationList = 33514A4523ED23FD0041E283 /* Build configuration list for PBXNativeTarget "MixpanelCollector" */;
			buildPhases = (
				33514A2C23ED23FD0041E283 /* Headers */,
				33514A2D23ED23FD0041E283 /* Sources */,
				33514A2E23ED23FD0041E283 /* Frameworks */,
				33514A2F23ED23FD0041E283 /* Resources */,
			);
			buildRules = (
			);
			dependencies = (
			);
			name = MixpanelCollector;
			productName = MixpanelCollector;
			productReference = 33514A3123ED23FD0041E283 /* MixpanelCollector.framework */;
			productType = "com.apple.product-type.framework";
		};
		33514A3923ED23FD0041E283 /* MixpanelCollectorTests */ = {
			isa = PBXNativeTarget;
			buildConfigurationList = 33514A4823ED23FD0041E283 /* Build configuration list for PBXNativeTarget "MixpanelCollectorTests" */;
			buildPhases = (
				33514A3623ED23FD0041E283 /* Sources */,
				33514A3723ED23FD0041E283 /* Frameworks */,
				33514A3823ED23FD0041E283 /* Resources */,
			);
			buildRules = (
			);
			dependencies = (
				33514A3D23ED23FD0041E283 /* PBXTargetDependency */,
			);
			name = MixpanelCollectorTests;
			productName = MixpanelCollectorTests;
			productReference = 33514A3A23ED23FD0041E283 /* MixpanelCollectorTests.xctest */;
			productType = "com.apple.product-type.bundle.unit-test";
		};
/* End PBXNativeTarget section */

/* Begin PBXProject section */
		33514A2823ED23FD0041E283 /* Project object */ = {
			isa = PBXProject;
			attributes = {
				LastSwiftUpdateCheck = 1130;
				LastUpgradeCheck = 1130;
				ORGANIZATIONNAME = zaitsman;
				TargetAttributes = {
					33514A3023ED23FD0041E283 = {
						CreatedOnToolsVersion = 11.3;
						LastSwiftMigration = 1130;
					};
					33514A3923ED23FD0041E283 = {
						CreatedOnToolsVersion = 11.3;
					};
				};
			};
			buildConfigurationList = 33514A2B23ED23FD0041E283 /* Build configuration list for PBXProject "MixpanelCollector" */;
			compatibilityVersion = "Xcode 9.3";
			developmentRegion = en;
			hasScannedForEncodings = 0;
			knownRegions = (
				en,
				Base,
			);
			mainGroup = 33514A2723ED23FD0041E283;
			productRefGroup = 33514A3223ED23FD0041E283 /* Products */;
			projectDirPath = "";
			projectRoot = "";
			targets = (
				33514A3023ED23FD0041E283 /* MixpanelCollector */,
				33514A3923ED23FD0041E283 /* MixpanelCollectorTests */,
			);
		};
/* End PBXProject section */

/* Begin PBXResourcesBuildPhase section */
		33514A2F23ED23FD0041E283 /* Resources */ = {
			isa = PBXResourcesBuildPhase;
			buildActionMask = 2147483647;
			files = (
			);
			runOnlyForDeploymentPostprocessing = 0;
		};
		33514A3823ED23FD0041E283 /* Resources */ = {
			isa = PBXResourcesBuildPhase;
			buildActionMask = 2147483647;
			files = (
			);
			runOnlyForDeploymentPostprocessing = 0;
		};
/* End PBXResourcesBuildPhase section */

/* Begin PBXSourcesBuildPhase section */
		33514A2D23ED23FD0041E283 /* Sources */ = {
			isa = PBXSourcesBuildPhase;
			buildActionMask = 2147483647;
			files = (
				33514A4E23ED25D20041E283 /* MixpanelEvent.swift in Sources */,
				33514A5023ED2BA60041E283 /* MixpanelCollectorError.swift in Sources */,
				33514A4C23ED24580041E283 /* MixpanelCollector.swift in Sources */,
			);
			runOnlyForDeploymentPostprocessing = 0;
		};
		33514A3623ED23FD0041E283 /* Sources */ = {
			isa = PBXSourcesBuildPhase;
			buildActionMask = 2147483647;
			files = (
				33514A4023ED23FD0041E283 /* MixpanelCollectorTests.swift in Sources */,
			);
			runOnlyForDeploymentPostprocessing = 0;
		};
/* End PBXSourcesBuildPhase section */

/* Begin PBXTargetDependency section */
		33514A3D23ED23FD0041E283 /* PBXTargetDependency */ = {
			isa = PBXTargetDependency;
			target = 33514A3023ED23FD0041E283 /* MixpanelCollector */;
			targetProxy = 33514A3C23ED23FD0041E283 /* PBXContainerItemProxy */;
		};
/* End PBXTargetDependency section */

/* Begin XCBuildConfiguration section */
		33514A4323ED23FD0041E283 /* Debug */ = {
			isa = XCBuildConfiguration;
			buildSettings = {
				ALWAYS_SEARCH_USER_PATHS = NO;
				CLANG_ANALYZER_NONNULL = YES;
				CLANG_ANALYZER_NUMBER_OBJECT_CONVERSION = YES_AGGRESSIVE;
				CLANG_CXX_LANGUAGE_STANDARD = "gnu++14";
				CLANG_CXX_LIBRARY = "libc++";
				CLANG_ENABLE_MODULES = YES;
				CLANG_ENABLE_OBJC_ARC = YES;
				CLANG_ENABLE_OBJC_WEAK = YES;
				CLANG_WARN_BLOCK_CAPTURE_AUTORELEASING = YES;
				CLANG_WARN_BOOL_CONVERSION = YES;
				CLANG_WARN_COMMA = YES;
				CLANG_WARN_CONSTANT_CONVERSION = YES;
				CLANG_WARN_DEPRECATED_OBJC_IMPLEMENTATIONS = YES;
				CLANG_WARN_DIRECT_OBJC_ISA_USAGE = YES_ERROR;
				CLANG_WARN_DOCUMENTATION_COMMENTS = YES;
				CLANG_WARN_EMPTY_BODY = YES;
				CLANG_WARN_ENUM_CONVERSION = YES;
				CLANG_WARN_INFINITE_RECURSION = YES;
				CLANG_WARN_INT_CONVERSION = YES;
				CLANG_WARN_NON_LITERAL_NULL_CONVERSION = YES;
				CLANG_WARN_OBJC_IMPLICIT_RETAIN_SELF = YES;
				CLANG_WARN_OBJC_LITERAL_CONVERSION = YES;
				CLANG_WARN_OBJC_ROOT_CLASS = YES_ERROR;
				CLANG_WARN_RANGE_LOOP_ANALYSIS = YES;
				CLANG_WARN_STRICT_PROTOTYPES = YES;
				CLANG_WARN_SUSPICIOUS_MOVE = YES;
				CLANG_WARN_UNGUARDED_AVAILABILITY = YES_AGGRESSIVE;
				CLANG_WARN_UNREACHABLE_CODE = YES;
				CLANG_WARN__DUPLICATE_METHOD_MATCH = YES;
				COPY_PHASE_STRIP = NO;
				CURRENT_PROJECT_VERSION = 1;
				DEBUG_INFORMATION_FORMAT = dwarf;
				ENABLE_STRICT_OBJC_MSGSEND = YES;
				ENABLE_TESTABILITY = YES;
				GCC_C_LANGUAGE_STANDARD = gnu11;
				GCC_DYNAMIC_NO_PIC = NO;
				GCC_NO_COMMON_BLOCKS = YES;
				GCC_OPTIMIZATION_LEVEL = 0;
				GCC_PREPROCESSOR_DEFINITIONS = (
					"DEBUG=1",
					"$(inherited)",
				);
				GCC_WARN_64_TO_32_BIT_CONVERSION = YES;
				GCC_WARN_ABOUT_RETURN_TYPE = YES_ERROR;
				GCC_WARN_UNDECLARED_SELECTOR = YES;
				GCC_WARN_UNINITIALIZED_AUTOS = YES_AGGRESSIVE;
				GCC_WARN_UNUSED_FUNCTION = YES;
				GCC_WARN_UNUSED_VARIABLE = YES;
				IPHONEOS_DEPLOYMENT_TARGET = 13.0;
				MTL_ENABLE_DEBUG_INFO = INCLUDE_SOURCE;
				MTL_FAST_MATH = YES;
				ONLY_ACTIVE_ARCH = YES;
				SDKROOT = iphoneos;
				SWIFT_ACTIVE_COMPILATION_CONDITIONS = DEBUG;
				SWIFT_OPTIMIZATION_LEVEL = "-Onone";
				VERSIONING_SYSTEM = "apple-generic";
				VERSION_INFO_PREFIX = "";
			};
			name = Debug;
		};
		33514A4423ED23FD0041E283 /* Release */ = {
			isa = XCBuildConfiguration;
			buildSettings = {
				ALWAYS_SEARCH_USER_PATHS = NO;
				CLANG_ANALYZER_NONNULL = YES;
				CLANG_ANALYZER_NUMBER_OBJECT_CONVERSION = YES_AGGRESSIVE;
				CLANG_CXX_LANGUAGE_STANDARD = "gnu++14";
				CLANG_CXX_LIBRARY = "libc++";
				CLANG_ENABLE_MODULES = YES;
				CLANG_ENABLE_OBJC_ARC = YES;
				CLANG_ENABLE_OBJC_WEAK = YES;
				CLANG_WARN_BLOCK_CAPTURE_AUTORELEASING = YES;
				CLANG_WARN_BOOL_CONVERSION = YES;
				CLANG_WARN_COMMA = YES;
				CLANG_WARN_CONSTANT_CONVERSION = YES;
				CLANG_WARN_DEPRECATED_OBJC_IMPLEMENTATIONS = YES;
				CLANG_WARN_DIRECT_OBJC_ISA_USAGE = YES_ERROR;
				CLANG_WARN_DOCUMENTATION_COMMENTS = YES;
				CLANG_WARN_EMPTY_BODY = YES;
				CLANG_WARN_ENUM_CONVERSION = YES;
				CLANG_WARN_INFINITE_RECURSION = YES;
				CLANG_WARN_INT_CONVERSION = YES;
				CLANG_WARN_NON_LITERAL_NULL_CONVERSION = YES;
				CLANG_WARN_OBJC_IMPLICIT_RETAIN_SELF = YES;
				CLANG_WARN_OBJC_LITERAL_CONVERSION = YES;
				CLANG_WARN_OBJC_ROOT_CLASS = YES_ERROR;
				CLANG_WARN_RANGE_LOOP_ANALYSIS = YES;
				CLANG_WARN_STRICT_PROTOTYPES = YES;
				CLANG_WARN_SUSPICIOUS_MOVE = YES;
				CLANG_WARN_UNGUARDED_AVAILABILITY = YES_AGGRESSIVE;
				CLANG_WARN_UNREACHABLE_CODE = YES;
				CLANG_WARN__DUPLICATE_METHOD_MATCH = YES;
				COPY_PHASE_STRIP = NO;
				CURRENT_PROJECT_VERSION = 1;
				DEBUG_INFORMATION_FORMAT = "dwarf-with-dsym";
				ENABLE_NS_ASSERTIONS = NO;
				ENABLE_STRICT_OBJC_MSGSEND = YES;
				GCC_C_LANGUAGE_STANDARD = gnu11;
				GCC_NO_COMMON_BLOCKS = YES;
				GCC_WARN_64_TO_32_BIT_CONVERSION = YES;
				GCC_WARN_ABOUT_RETURN_TYPE = YES_ERROR;
				GCC_WARN_UNDECLARED_SELECTOR = YES;
				GCC_WARN_UNINITIALIZED_AUTOS = YES_AGGRESSIVE;
				GCC_WARN_UNUSED_FUNCTION = YES;
				GCC_WARN_UNUSED_VARIABLE = YES;
				IPHONEOS_DEPLOYMENT_TARGET = 13.0;
				MTL_ENABLE_DEBUG_INFO = NO;
				MTL_FAST_MATH = YES;
				SDKROOT = iphoneos;
				SWIFT_COMPILATION_MODE = wholemodule;
				SWIFT_OPTIMIZATION_LEVEL = "-O";
				VALIDATE_PRODUCT = YES;
				VERSIONING_SYSTEM = "apple-generic";
				VERSION_INFO_PREFIX = "";
			};
			name = Release;
		};
		33514A4623ED23FD0041E283 /* Debug */ = {
			isa = XCBuildConfiguration;
			buildSettings = {
				CLANG_ENABLE_MODULES = YES;
				CODE_SIGN_STYLE = Automatic;
				CURRENT_PROJECT_VERSION = 2;
				DEFINES_MODULE = YES;
				DEVELOPMENT_TEAM = 4JHV8CEX6E;
				DYLIB_COMPATIBILITY_VERSION = 1;
				DYLIB_CURRENT_VERSION = 1;
				DYLIB_INSTALL_NAME_BASE = "@rpath";
				INFOPLIST_FILE = MixpanelCollector/Info.plist;
				INSTALL_PATH = "$(LOCAL_LIBRARY_DIR)/Frameworks";
				IPHONEOS_DEPLOYMENT_TARGET = 12.0;
				LD_RUNPATH_SEARCH_PATHS = (
					"$(inherited)",
					"@executable_path/Frameworks",
					"@loader_path/Frameworks",
				);
				MARKETING_VERSION = 0.2;
				PRODUCT_BUNDLE_IDENTIFIER = zaitsman.MixpanelCollector;
				PRODUCT_NAME = "$(TARGET_NAME:c99extidentifier)";
				SKIP_INSTALL = YES;
				SUPPORTS_MACCATALYST = NO;
				SWIFT_OPTIMIZATION_LEVEL = "-Onone";
				SWIFT_VERSION = 5.0;
				TARGETED_DEVICE_FAMILY = "1,2";
			};
			name = Debug;
		};
		33514A4723ED23FD0041E283 /* Release */ = {
			isa = XCBuildConfiguration;
			buildSettings = {
				CLANG_ENABLE_MODULES = YES;
				CODE_SIGN_STYLE = Automatic;
				CURRENT_PROJECT_VERSION = 2;
				DEFINES_MODULE = YES;
				DEVELOPMENT_TEAM = 4JHV8CEX6E;
				DYLIB_COMPATIBILITY_VERSION = 1;
				DYLIB_CURRENT_VERSION = 1;
				DYLIB_INSTALL_NAME_BASE = "@rpath";
				INFOPLIST_FILE = MixpanelCollector/Info.plist;
				INSTALL_PATH = "$(LOCAL_LIBRARY_DIR)/Frameworks";
				IPHONEOS_DEPLOYMENT_TARGET = 12.0;
				LD_RUNPATH_SEARCH_PATHS = (
					"$(inherited)",
					"@executable_path/Frameworks",
					"@loader_path/Frameworks",
				);
				MARKETING_VERSION = 0.2;
				PRODUCT_BUNDLE_IDENTIFIER = zaitsman.MixpanelCollector;
				PRODUCT_NAME = "$(TARGET_NAME:c99extidentifier)";
				SKIP_INSTALL = YES;
				SUPPORTS_MACCATALYST = NO;
				SWIFT_VERSION = 5.0;
				TARGETED_DEVICE_FAMILY = "1,2";
			};
			name = Release;
		};
		33514A4923ED23FD0041E283 /* Debug */ = {
			isa = XCBuildConfiguration;
			buildSettings = {
				ALWAYS_EMBED_SWIFT_STANDARD_LIBRARIES = YES;
				CODE_SIGN_STYLE = Automatic;
				DEVELOPMENT_TEAM = 4JHV8CEX6E;
				INFOPLIST_FILE = MixpanelCollectorTests/Info.plist;
				LD_RUNPATH_SEARCH_PATHS = (
					"$(inherited)",
					"@executable_path/Frameworks",
					"@loader_path/Frameworks",
				);
				PRODUCT_BUNDLE_IDENTIFIER = zaitsman.MixpanelCollectorTests;
				PRODUCT_NAME = "$(TARGET_NAME)";
				SWIFT_VERSION = 5.0;
				TARGETED_DEVICE_FAMILY = "1,2";
			};
			name = Debug;
		};
		33514A4A23ED23FD0041E283 /* Release */ = {
			isa = XCBuildConfiguration;
			buildSettings = {
				ALWAYS_EMBED_SWIFT_STANDARD_LIBRARIES = YES;
				CODE_SIGN_STYLE = Automatic;
				DEVELOPMENT_TEAM = 4JHV8CEX6E;
				INFOPLIST_FILE = MixpanelCollectorTests/Info.plist;
				LD_RUNPATH_SEARCH_PATHS = (
					"$(inherited)",
					"@executable_path/Frameworks",
					"@loader_path/Frameworks",
				);
				PRODUCT_BUNDLE_IDENTIFIER = zaitsman.MixpanelCollectorTests;
				PRODUCT_NAME = "$(TARGET_NAME)";
				SWIFT_VERSION = 5.0;
				TARGETED_DEVICE_FAMILY = "1,2";
			};
			name = Release;
		};
/* End XCBuildConfiguration section */

/* Begin XCConfigurationList section */
		33514A2B23ED23FD0041E283 /* Build configuration list for PBXProject "MixpanelCollector" */ = {
			isa = XCConfigurationList;
			buildConfigurations = (
				33514A4323ED23FD0041E283 /* Debug */,
				33514A4423ED23FD0041E283 /* Release */,
			);
			defaultConfigurationIsVisible = 0;
			defaultConfigurationName = Release;
		};
		33514A4523ED23FD0041E283 /* Build configuration list for PBXNativeTarget "MixpanelCollector" */ = {
			isa = XCConfigurationList;
			buildConfigurations = (
				33514A4623ED23FD0041E283 /* Debug */,
				33514A4723ED23FD0041E283 /* Release */,
			);
			defaultConfigurationIsVisible = 0;
			defaultConfigurationName = Release;
		};
		33514A4823ED23FD0041E283 /* Build configuration list for PBXNativeTarget "MixpanelCollectorTests" */ = {
			isa = XCConfigurationList;
			buildConfigurations = (
				33514A4923ED23FD0041E283 /* Debug */,
				33514A4A23ED23FD0041E283 /* Release */,
			);
			defaultConfigurationIsVisible = 0;
			defaultConfigurationName = Release;
		};
/* End XCConfigurationList section */
	};
	rootObject = 33514A2823ED23FD0041E283 /* Project object */;
}
